
Microsoft Visual Studio Solution File, Format Version 12.00
# Visual Studio Version 16
VisualStudioVersion = 16.0.30611.23
MinimumVisualStudioVersion = 10.0.40219.1
Project("{FAE04EC0-301F-11D3-BF4B-00C04F79EFBC}") = "DummyGUI_DataManager", "DummyGUI_DataManager\DummyGUI_DataManager.csproj", "{E6BE8A98-DB61-4D85-8FD0-E0A7DD05D54A}"
EndProject
Project("{FAE04EC0-301F-11D3-BF4B-00C04F79EFBC}") = "CommonInterfaces", "..\CommonInterfaces\CommonInterfaces\CommonInterfaces.csproj", "{FF3B4E7A-8FF7-467C-865B-24E7B85926EB}"
EndProject
Project("{FAE04EC0-301F-11D3-BF4B-00C04F79EFBC}") = "DataManager", "DataManager\DataManager.csproj", "{80FA9EAE-7C3D-458D-944F-B6FD19438C25}"
EndProject
Project("{FAE04EC0-301F-11D3-BF4B-00C04F79EFBC}") = "DummyMLAdapter", "DummyMLAdapter\DummyMLAdapter.csproj", "{E513110C-CB71-4A67-8847-7D0AD8D5B92C}"
EndProject
Global
	GlobalSection(SolutionConfigurationPlatforms) = preSolution
		Debug|Any CPU = Debug|Any CPU
		Release|Any CPU = Release|Any CPU
	EndGlobalSection
	GlobalSection(ProjectConfigurationPlatforms) = postSolution
		{E6BE8A98-DB61-4D85-8FD0-E0A7DD05D54A}.Debug|Any CPU.ActiveCfg = Debug|Any CPU
		{E6BE8A98-DB61-4D85-8FD0-E0A7DD05D54A}.Debug|Any CPU.Build.0 = Debug|Any CPU
		{E6BE8A98-DB61-4D85-8FD0-E0A7DD05D54A}.Release|Any CPU.ActiveCfg = Release|Any CPU
		{E6BE8A98-DB61-4D85-8FD0-E0A7DD05D54A}.Release|Any CPU.Build.0 = Release|Any CPU
		{FF3B4E7A-8FF7-467C-865B-24E7B85926EB}.Debug|Any CPU.ActiveCfg = Debug|Any CPU
		{FF3B4E7A-8FF7-467C-865B-24E7B85926EB}.Debug|Any CPU.Build.0 = Debug|Any CPU
		{FF3B4E7A-8FF7-467C-865B-24E7B85926EB}.Release|Any CPU.ActiveCfg = Release|Any CPU
		{FF3B4E7A-8FF7-467C-865B-24E7B85926EB}.Release|Any CPU.Build.0 = Release|Any CPU
		{80FA9EAE-7C3D-458D-944F-B6FD19438C25}.Debug|Any CPU.ActiveCfg = Debug|Any CPU
		{80FA9EAE-7C3D-458D-944F-B6FD19438C25}.Debug|Any CPU.Build.0 = Debug|Any CPU
		{80FA9EAE-7C3D-458D-944F-B6FD19438C25}.Release|Any CPU.ActiveCfg = Release|Any CPU
		{80FA9EAE-7C3D-458D-944F-B6FD19438C25}.Release|Any CPU.Build.0 = Release|Any CPU
		{E513110C-CB71-4A67-8847-7D0AD8D5B92C}.Debug|Any CPU.ActiveCfg = Debug|Any CPU
		{E513110C-CB71-4A67-8847-7D0AD8D5B92C}.Debug|Any CPU.Build.0 = Debug|Any CPU
		{E513110C-CB71-4A67-8847-7D0AD8D5B92C}.Release|Any CPU.ActiveCfg = Release|Any CPU
		{E513110C-CB71-4A67-8847-7D0AD8D5B92C}.Release|Any CPU.Build.0 = Release|Any CPU
	EndGlobalSection
	GlobalSection(SolutionProperties) = preSolution
		HideSolutionNode = FALSE
	EndGlobalSection
	GlobalSection(ExtensibilityGlobals) = postSolution
		SolutionGuid = {E5F5615F-3A44-4992-B8ED-57DFA9C9D70F}
	EndGlobalSection
EndGlobal
